
Microsoft Visual Studio Solution File, Format Version 12.00
# Visual Studio Version 16
VisualStudioVersion = 16.0.31205.134
MinimumVisualStudioVersion = 10.0.40219.1
Project("{FAE04EC0-301F-11D3-BF4B-00C04F79EFBC}") = "RestrauntRaterAPI", "RestrauntRaterAPI\RestrauntRaterAPI.csproj", "{E892FB1A-749D-4CF8-B79A-75B89C2741E3}"
EndProject
Global
	GlobalSection(SolutionConfigurationPlatforms) = preSolution
		Debug|Any CPU = Debug|Any CPU
		Release|Any CPU = Release|Any CPU
	EndGlobalSection
	GlobalSection(ProjectConfigurationPlatforms) = postSolution
		{E892FB1A-749D-4CF8-B79A-75B89C2741E3}.Debug|Any CPU.ActiveCfg = Debug|Any CPU
		{E892FB1A-749D-4CF8-B79A-75B89C2741E3}.Debug|Any CPU.Build.0 = Debug|Any CPU
		{E892FB1A-749D-4CF8-B79A-75B89C2741E3}.Release|Any CPU.ActiveCfg = Release|Any CPU
		{E892FB1A-749D-4CF8-B79A-75B89C2741E3}.Release|Any CPU.Build.0 = Release|Any CPU
	EndGlobalSection
	GlobalSection(SolutionProperties) = preSolution
		HideSolutionNode = FALSE
	EndGlobalSection
	GlobalSection(ExtensibilityGlobals) = postSolution
		SolutionGuid = {E779E34F-8D63-415E-B15E-49A5A0A534A5}
	EndGlobalSection
EndGlobal
